{
  "name": "static",
  "lockfileVersion": 3,
  "requires": true,
  "packages": {
    "": {
      "dependencies": {
        "brython": "^3.12.4",
        "fomantic-ui-css": "^2.9.3"
      }
    },
    "node_modules/brython": {
      "version": "3.12.4",
      "resolved": "https://registry.npmjs.org/brython/-/brython-3.12.4.tgz",
      "integrity": "sha512-JoRXYmg4pbee1+nEhBlnd18C9QXl27l/kMb3SYtDlwZbqdc35xaZlicp2cYceNvDCuBOzYxEZh+LbUv9Z02OqA=="
    },
    "node_modules/fomantic-ui-css": {
      "version": "2.9.3",
      "resolved": "https://registry.npmjs.org/fomantic-ui-css/-/fomantic-ui-css-2.9.3.tgz",
      "integrity": "sha512-7bM6p3QRpfZFofg7Fd3crzox2E/nBsPyyWDN+N4lnTjNMxgKltSaXJTfhLoK5xBA+wEoNtcmm6w6FQ5Drj+27A==",
      "dependencies": {
        "jquery": "^3.4.0"
      }
    },
    "node_modules/jquery": {
      "version": "3.7.1",
      "resolved": "https://registry.npmjs.org/jquery/-/jquery-3.7.1.tgz",
      "integrity": "sha512-m4avr8yL8kmFN8psrbFFFmB/If14iN5o9nw/NgnnM+kybDJpRsAynV2BsfpTYrTRysYUdADVD7CkUUizgkpLfg=="
    }
  }
}
